// !$*UTF8*$!
{
	archiveVersion = 1;
	classes = {
	};
	objectVersion = 56;
	objects = {

/* Begin PBXBuildFile section */
		E2616A2D2A39E69A00799AE1 /* TitleView.swift in Sources */ = {isa = PBXBuildFile; fileRef = E2616A2C2A39E69A00799AE1 /* TitleView.swift */; };
		E2616A2F2A39E9EC00799AE1 /* ProductModel.swift in Sources */ = {isa = PBXBuildFile; fileRef = E2616A2E2A39E9EC00799AE1 /* ProductModel.swift */; };
		E2616A312A39EC6000799AE1 /* ProductItemView.swift in Sources */ = {isa = PBXBuildFile; fileRef = E2616A302A39EC6000799AE1 /* ProductItemView.swift */; };
		E2616A332A3AD36B00799AE1 /* BrandModel.swift in Sources */ = {isa = PBXBuildFile; fileRef = E2616A322A3AD36B00799AE1 /* BrandModel.swift */; };
		E2616A352A3AD3E000799AE1 /* BrandItemView.swift in Sources */ = {isa = PBXBuildFile; fileRef = E2616A342A3AD3E000799AE1 /* BrandItemView.swift */; };
		E2616A372A3AD47400799AE1 /* BrandGridView.swift in Sources */ = {isa = PBXBuildFile; fileRef = E2616A362A3AD47400799AE1 /* BrandGridView.swift */; };
		E2616A392A3AD84100799AE1 /* ProductDetailView.swift in Sources */ = {isa = PBXBuildFile; fileRef = E2616A382A3AD84100799AE1 /* ProductDetailView.swift */; };
		E2616A3B2A3AD90300799AE1 /* NavigationBarDetailView.swift in Sources */ = {isa = PBXBuildFile; fileRef = E2616A3A2A3AD90300799AE1 /* NavigationBarDetailView.swift */; };
		E2616A3D2A3ADA0D00799AE1 /* HeaderDetailView.swift in Sources */ = {isa = PBXBuildFile; fileRef = E2616A3C2A3ADA0D00799AE1 /* HeaderDetailView.swift */; };
		E2616A3F2A3ADAD400799AE1 /* TopPartDetailView.swift in Sources */ = {isa = PBXBuildFile; fileRef = E2616A3E2A3ADAD400799AE1 /* TopPartDetailView.swift */; };
		E2616A412A3ADED900799AE1 /* CustomShape.swift in Sources */ = {isa = PBXBuildFile; fileRef = E2616A402A3ADED900799AE1 /* CustomShape.swift */; };
		E2616A432A3AE04900799AE1 /* RatingsSizesDetailView.swift in Sources */ = {isa = PBXBuildFile; fileRef = E2616A422A3AE04900799AE1 /* RatingsSizesDetailView.swift */; };
		E2616A452A3AE33F00799AE1 /* QuantityFavouriteDetailView.swift in Sources */ = {isa = PBXBuildFile; fileRef = E2616A442A3AE33F00799AE1 /* QuantityFavouriteDetailView.swift */; };
		E2616A472A3AE4A600799AE1 /* AddToCartDetailView.swift in Sources */ = {isa = PBXBuildFile; fileRef = E2616A462A3AE4A600799AE1 /* AddToCartDetailView.swift */; };
		E29405F32A39A116001A9DE5 /* TouchDownApp.swift in Sources */ = {isa = PBXBuildFile; fileRef = E29405F22A39A116001A9DE5 /* TouchDownApp.swift */; };
		E29405F52A39A116001A9DE5 /* ContentView.swift in Sources */ = {isa = PBXBuildFile; fileRef = E29405F42A39A116001A9DE5 /* ContentView.swift */; };
		E29405F72A39A11A001A9DE5 /* Assets.xcassets in Resources */ = {isa = PBXBuildFile; fileRef = E29405F62A39A11A001A9DE5 /* Assets.xcassets */; };
		E29405FA2A39A11A001A9DE5 /* Preview Assets.xcassets in Resources */ = {isa = PBXBuildFile; fileRef = E29405F92A39A11A001A9DE5 /* Preview Assets.xcassets */; };
		E29406042A39A477001A9DE5 /* brand.json in Resources */ = {isa = PBXBuildFile; fileRef = E29406002A39A476001A9DE5 /* brand.json */; };
		E29406052A39A477001A9DE5 /* category.json in Resources */ = {isa = PBXBuildFile; fileRef = E29406012A39A477001A9DE5 /* category.json */; };
		E29406062A39A477001A9DE5 /* player.json in Resources */ = {isa = PBXBuildFile; fileRef = E29406022A39A477001A9DE5 /* player.json */; };
		E29406072A39A477001A9DE5 /* product.json in Resources */ = {isa = PBXBuildFile; fileRef = E29406032A39A477001A9DE5 /* product.json */; };
		E29406122A39A7D7001A9DE5 /* Constant.swift in Sources */ = {isa = PBXBuildFile; fileRef = E29406112A39A7D7001A9DE5 /* Constant.swift */; };
		E29406142A39A9FC001A9DE5 /* FooterView.swift in Sources */ = {isa = PBXBuildFile; fileRef = E29406132A39A9FC001A9DE5 /* FooterView.swift */; };
		E29406162A39B0C0001A9DE5 /* NavigationBarView.swift in Sources */ = {isa = PBXBuildFile; fileRef = E29406152A39B0C0001A9DE5 /* NavigationBarView.swift */; };
		E29406182A39B13E001A9DE5 /* LogoView.swift in Sources */ = {isa = PBXBuildFile; fileRef = E29406172A39B13E001A9DE5 /* LogoView.swift */; };
		E29E02372A39B77800B881E9 /* PlayerModel.swift in Sources */ = {isa = PBXBuildFile; fileRef = E29E02362A39B77800B881E9 /* PlayerModel.swift */; };
		E29E02392A39B7DC00B881E9 /* CodableBundleExtension.swift in Sources */ = {isa = PBXBuildFile; fileRef = E29E02382A39B7DC00B881E9 /* CodableBundleExtension.swift */; };
		E29E023B2A39B90200B881E9 /* FeaturedItemView.swift in Sources */ = {isa = PBXBuildFile; fileRef = E29E023A2A39B90200B881E9 /* FeaturedItemView.swift */; };
		E29E023D2A39B9A300B881E9 /* FeaturedTabView.swift in Sources */ = {isa = PBXBuildFile; fileRef = E29E023C2A39B9A200B881E9 /* FeaturedTabView.swift */; };
		E2C137D72A39BDA50061F9FC /* CategoryModel.swift in Sources */ = {isa = PBXBuildFile; fileRef = E2C137D62A39BDA50061F9FC /* CategoryModel.swift */; };
		E2C137D92A39BE730061F9FC /* CategoryItemView.swift in Sources */ = {isa = PBXBuildFile; fileRef = E2C137D82A39BE730061F9FC /* CategoryItemView.swift */; };
		E2C137DB2A39BFB30061F9FC /* CategoryGridView.swift in Sources */ = {isa = PBXBuildFile; fileRef = E2C137DA2A39BFB30061F9FC /* CategoryGridView.swift */; };
		E2C137DD2A39E0460061F9FC /* SectionView.swift in Sources */ = {isa = PBXBuildFile; fileRef = E2C137DC2A39E0460061F9FC /* SectionView.swift */; };
/* End PBXBuildFile section */

/* Begin PBXFileReference section */
		E2616A2C2A39E69A00799AE1 /* TitleView.swift */ = {isa = PBXFileReference; lastKnownFileType = sourcecode.swift; path = TitleView.swift; sourceTree = "<group>"; };
		E2616A2E2A39E9EC00799AE1 /* ProductModel.swift */ = {isa = PBXFileReference; lastKnownFileType = sourcecode.swift; path = ProductModel.swift; sourceTree = "<group>"; };
		E2616A302A39EC6000799AE1 /* ProductItemView.swift */ = {isa = PBXFileReference; lastKnownFileType = sourcecode.swift; path = ProductItemView.swift; sourceTree = "<group>"; };
		E2616A322A3AD36B00799AE1 /* BrandModel.swift */ = {isa = PBXFileReference; lastKnownFileType = sourcecode.swift; path = BrandModel.swift; sourceTree = "<group>"; };
		E2616A342A3AD3E000799AE1 /* BrandItemView.swift */ = {isa = PBXFileReference; lastKnownFileType = sourcecode.swift; path = BrandItemView.swift; sourceTree = "<group>"; };
		E2616A362A3AD47400799AE1 /* BrandGridView.swift */ = {isa = PBXFileReference; lastKnownFileType = sourcecode.swift; path = BrandGridView.swift; sourceTree = "<group>"; };
		E2616A382A3AD84100799AE1 /* ProductDetailView.swift */ = {isa = PBXFileReference; lastKnownFileType = sourcecode.swift; path = ProductDetailView.swift; sourceTree = "<group>"; };
		E2616A3A2A3AD90300799AE1 /* NavigationBarDetailView.swift */ = {isa = PBXFileReference; lastKnownFileType = sourcecode.swift; path = NavigationBarDetailView.swift; sourceTree = "<group>"; };
		E2616A3C2A3ADA0D00799AE1 /* HeaderDetailView.swift */ = {isa = PBXFileReference; lastKnownFileType = sourcecode.swift; path = HeaderDetailView.swift; sourceTree = "<group>"; };
		E2616A3E2A3ADAD400799AE1 /* TopPartDetailView.swift */ = {isa = PBXFileReference; lastKnownFileType = sourcecode.swift; path = TopPartDetailView.swift; sourceTree = "<group>"; };
		E2616A402A3ADED900799AE1 /* CustomShape.swift */ = {isa = PBXFileReference; lastKnownFileType = sourcecode.swift; path = CustomShape.swift; sourceTree = "<group>"; };
		E2616A422A3AE04900799AE1 /* RatingsSizesDetailView.swift */ = {isa = PBXFileReference; lastKnownFileType = sourcecode.swift; path = RatingsSizesDetailView.swift; sourceTree = "<group>"; };
		E2616A442A3AE33F00799AE1 /* QuantityFavouriteDetailView.swift */ = {isa = PBXFileReference; lastKnownFileType = sourcecode.swift; path = QuantityFavouriteDetailView.swift; sourceTree = "<group>"; };
		E2616A462A3AE4A600799AE1 /* AddToCartDetailView.swift */ = {isa = PBXFileReference; lastKnownFileType = sourcecode.swift; path = AddToCartDetailView.swift; sourceTree = "<group>"; };
		E29405EF2A39A116001A9DE5 /* TouchDown.app */ = {isa = PBXFileReference; explicitFileType = wrapper.application; includeInIndex = 0; path = TouchDown.app; sourceTree = BUILT_PRODUCTS_DIR; };
		E29405F22A39A116001A9DE5 /* TouchDownApp.swift */ = {isa = PBXFileReference; lastKnownFileType = sourcecode.swift; path = TouchDownApp.swift; sourceTree = "<group>"; };
		E29405F42A39A116001A9DE5 /* ContentView.swift */ = {isa = PBXFileReference; lastKnownFileType = sourcecode.swift; path = ContentView.swift; sourceTree = "<group>"; };
		E29405F62A39A11A001A9DE5 /* Assets.xcassets */ = {isa = PBXFileReference; lastKnownFileType = folder.assetcatalog; path = Assets.xcassets; sourceTree = "<group>"; };
		E29405F92A39A11A001A9DE5 /* Preview Assets.xcassets */ = {isa = PBXFileReference; lastKnownFileType = folder.assetcatalog; path = "Preview Assets.xcassets"; sourceTree = "<group>"; };
		E29406002A39A476001A9DE5 /* brand.json */ = {isa = PBXFileReference; fileEncoding = 4; lastKnownFileType = text.json; path = brand.json; sourceTree = "<group>"; };
		E29406012A39A477001A9DE5 /* category.json */ = {isa = PBXFileReference; fileEncoding = 4; lastKnownFileType = text.json; path = category.json; sourceTree = "<group>"; };
		E29406022A39A477001A9DE5 /* player.json */ = {isa = PBXFileReference; fileEncoding = 4; lastKnownFileType = text.json; path = player.json; sourceTree = "<group>"; };
		E29406032A39A477001A9DE5 /* product.json */ = {isa = PBXFileReference; fileEncoding = 4; lastKnownFileType = text.json; path = product.json; sourceTree = "<group>"; };
		E29406092A39A58D001A9DE5 /* Info.plist */ = {isa = PBXFileReference; lastKnownFileType = text.plist; path = Info.plist; sourceTree = "<group>"; };
		E29406112A39A7D7001A9DE5 /* Constant.swift */ = {isa = PBXFileReference; lastKnownFileType = sourcecode.swift; path = Constant.swift; sourceTree = "<group>"; };
		E29406132A39A9FC001A9DE5 /* FooterView.swift */ = {isa = PBXFileReference; lastKnownFileType = sourcecode.swift; path = FooterView.swift; sourceTree = "<group>"; };
		E29406152A39B0C0001A9DE5 /* NavigationBarView.swift */ = {isa = PBXFileReference; lastKnownFileType = sourcecode.swift; path = NavigationBarView.swift; sourceTree = "<group>"; };
		E29406172A39B13E001A9DE5 /* LogoView.swift */ = {isa = PBXFileReference; lastKnownFileType = sourcecode.swift; path = LogoView.swift; sourceTree = "<group>"; };
		E29E02362A39B77800B881E9 /* PlayerModel.swift */ = {isa = PBXFileReference; lastKnownFileType = sourcecode.swift; path = PlayerModel.swift; sourceTree = "<group>"; };
		E29E02382A39B7DC00B881E9 /* CodableBundleExtension.swift */ = {isa = PBXFileReference; lastKnownFileType = sourcecode.swift; path = CodableBundleExtension.swift; sourceTree = "<group>"; };
		E29E023A2A39B90200B881E9 /* FeaturedItemView.swift */ = {isa = PBXFileReference; lastKnownFileType = sourcecode.swift; path = FeaturedItemView.swift; sourceTree = "<group>"; };
		E29E023C2A39B9A200B881E9 /* FeaturedTabView.swift */ = {isa = PBXFileReference; lastKnownFileType = sourcecode.swift; path = FeaturedTabView.swift; sourceTree = "<group>"; };
		E2C137D62A39BDA50061F9FC /* CategoryModel.swift */ = {isa = PBXFileReference; lastKnownFileType = sourcecode.swift; path = CategoryModel.swift; sourceTree = "<group>"; };
		E2C137D82A39BE730061F9FC /* CategoryItemView.swift */ = {isa = PBXFileReference; lastKnownFileType = sourcecode.swift; path = CategoryItemView.swift; sourceTree = "<group>"; };
		E2C137DA2A39BFB30061F9FC /* CategoryGridView.swift */ = {isa = PBXFileReference; lastKnownFileType = sourcecode.swift; path = CategoryGridView.swift; sourceTree = "<group>"; };
		E2C137DC2A39E0460061F9FC /* SectionView.swift */ = {isa = PBXFileReference; lastKnownFileType = sourcecode.swift; path = SectionView.swift; sourceTree = "<group>"; };
/* End PBXFileReference section */

/* Begin PBXFrameworksBuildPhase section */
		E29405EC2A39A116001A9DE5 /* Frameworks */ = {
			isa = PBXFrameworksBuildPhase;
			buildActionMask = 2147483647;
			files = (
			);
			runOnlyForDeploymentPostprocessing = 0;
		};
/* End PBXFrameworksBuildPhase section */

/* Begin PBXGroup section */
		E29405E62A39A116001A9DE5 = {
			isa = PBXGroup;
			children = (
				E29405F12A39A116001A9DE5 /* TouchDown */,
				E29405F02A39A116001A9DE5 /* Products */,
			);
			sourceTree = "<group>";
		};
		E29405F02A39A116001A9DE5 /* Products */ = {
			isa = PBXGroup;
			children = (
				E29405EF2A39A116001A9DE5 /* TouchDown.app */,
			);
			name = Products;
			sourceTree = "<group>";
		};
		E29405F12A39A116001A9DE5 /* TouchDown */ = {
			isa = PBXGroup;
			children = (
				E294060C2A39A71E001A9DE5 /* App */,
				E294060D2A39A75C001A9DE5 /* View */,
				E294060E2A39A762001A9DE5 /* Utility */,
				E294060B2A39A700001A9DE5 /* Extension */,
				E294060A2A39A6E7001A9DE5 /* Model */,
				E29406082A39A493001A9DE5 /* Data */,
				E29406092A39A58D001A9DE5 /* Info.plist */,
				E29405F62A39A11A001A9DE5 /* Assets.xcassets */,
				E29405F82A39A11A001A9DE5 /* Preview Content */,
			);
			path = TouchDown;
			sourceTree = "<group>";
		};
		E29405F82A39A11A001A9DE5 /* Preview Content */ = {
			isa = PBXGroup;
			children = (
				E29405F92A39A11A001A9DE5 /* Preview Assets.xcassets */,
			);
			path = "Preview Content";
			sourceTree = "<group>";
		};
		E29406082A39A493001A9DE5 /* Data */ = {
			isa = PBXGroup;
			children = (
				E29406002A39A476001A9DE5 /* brand.json */,
				E29406012A39A477001A9DE5 /* category.json */,
				E29406022A39A477001A9DE5 /* player.json */,
				E29406032A39A477001A9DE5 /* product.json */,
			);
			path = Data;
			sourceTree = "<group>";
		};
		E294060A2A39A6E7001A9DE5 /* Model */ = {
			isa = PBXGroup;
			children = (
				E29E02362A39B77800B881E9 /* PlayerModel.swift */,
				E2C137D62A39BDA50061F9FC /* CategoryModel.swift */,
				E2616A2E2A39E9EC00799AE1 /* ProductModel.swift */,
				E2616A322A3AD36B00799AE1 /* BrandModel.swift */,
			);
			path = Model;
			sourceTree = "<group>";
		};
		E294060B2A39A700001A9DE5 /* Extension */ = {
			isa = PBXGroup;
			children = (
				E29E02382A39B7DC00B881E9 /* CodableBundleExtension.swift */,
			);
			path = Extension;
			sourceTree = "<group>";
		};
		E294060C2A39A71E001A9DE5 /* App */ = {
			isa = PBXGroup;
			children = (
				E29405F22A39A116001A9DE5 /* TouchDownApp.swift */,
				E29405F42A39A116001A9DE5 /* ContentView.swift */,
				E2616A382A3AD84100799AE1 /* ProductDetailView.swift */,
			);
			path = App;
			sourceTree = "<group>";
		};
		E294060D2A39A75C001A9DE5 /* View */ = {
			isa = PBXGroup;
			children = (
				E294060F2A39A78E001A9DE5 /* Detail */,
				E29406102A39A798001A9DE5 /* Home */,
			);
			path = View;
			sourceTree = "<group>";
		};
		E294060E2A39A762001A9DE5 /* Utility */ = {
			isa = PBXGroup;
			children = (
				E29406112A39A7D7001A9DE5 /* Constant.swift */,
				E2616A402A3ADED900799AE1 /* CustomShape.swift */,
			);
			path = Utility;
			sourceTree = "<group>";
		};
		E294060F2A39A78E001A9DE5 /* Detail */ = {
			isa = PBXGroup;
			children = (
				E2616A3A2A3AD90300799AE1 /* NavigationBarDetailView.swift */,
				E2616A3C2A3ADA0D00799AE1 /* HeaderDetailView.swift */,
				E2616A3E2A3ADAD400799AE1 /* TopPartDetailView.swift */,
				E2616A422A3AE04900799AE1 /* RatingsSizesDetailView.swift */,
				E2616A442A3AE33F00799AE1 /* QuantityFavouriteDetailView.swift */,
				E2616A462A3AE4A600799AE1 /* AddToCartDetailView.swift */,
			);
			path = Detail;
			sourceTree = "<group>";
		};
		E29406102A39A798001A9DE5 /* Home */ = {
			isa = PBXGroup;
			children = (
				E29406132A39A9FC001A9DE5 /* FooterView.swift */,
				E29406152A39B0C0001A9DE5 /* NavigationBarView.swift */,
				E29406172A39B13E001A9DE5 /* LogoView.swift */,
				E29E023A2A39B90200B881E9 /* FeaturedItemView.swift */,
				E29E023C2A39B9A200B881E9 /* FeaturedTabView.swift */,
				E2C137D82A39BE730061F9FC /* CategoryItemView.swift */,
				E2C137DA2A39BFB30061F9FC /* CategoryGridView.swift */,
				E2C137DC2A39E0460061F9FC /* SectionView.swift */,
				E2616A2C2A39E69A00799AE1 /* TitleView.swift */,
				E2616A302A39EC6000799AE1 /* ProductItemView.swift */,
				E2616A342A3AD3E000799AE1 /* BrandItemView.swift */,
				E2616A362A3AD47400799AE1 /* BrandGridView.swift */,
			);
			path = Home;
			sourceTree = "<group>";
		};
/* End PBXGroup section */

/* Begin PBXNativeTarget section */
		E29405EE2A39A116001A9DE5 /* TouchDown */ = {
			isa = PBXNativeTarget;
			buildConfigurationList = E29405FD2A39A11A001A9DE5 /* Build configuration list for PBXNativeTarget "TouchDown" */;
			buildPhases = (
				E29405EB2A39A116001A9DE5 /* Sources */,
				E29405EC2A39A116001A9DE5 /* Frameworks */,
				E29405ED2A39A116001A9DE5 /* Resources */,
			);
			buildRules = (
			);
			dependencies = (
			);
			name = TouchDown;
			productName = TouchDown;
			productReference = E29405EF2A39A116001A9DE5 /* TouchDown.app */;
			productType = "com.apple.product-type.application";
		};
/* End PBXNativeTarget section */

/* Begin PBXProject section */
		E29405E72A39A116001A9DE5 /* Project object */ = {
			isa = PBXProject;
			attributes = {
				BuildIndependentTargetsInParallel = 1;
				LastSwiftUpdateCheck = 1430;
				LastUpgradeCheck = 1430;
				TargetAttributes = {
					E29405EE2A39A116001A9DE5 = {
						CreatedOnToolsVersion = 14.3.1;
					};
				};
			};
			buildConfigurationList = E29405EA2A39A116001A9DE5 /* Build configuration list for PBXProject "TouchDown" */;
			compatibilityVersion = "Xcode 14.0";
			developmentRegion = en;
			hasScannedForEncodings = 0;
			knownRegions = (
				en,
				Base,
			);
			mainGroup = E29405E62A39A116001A9DE5;
			productRefGroup = E29405F02A39A116001A9DE5 /* Products */;
			projectDirPath = "";
			projectRoot = "";
			targets = (
				E29405EE2A39A116001A9DE5 /* TouchDown */,
			);
		};
/* End PBXProject section */

/* Begin PBXResourcesBuildPhase section */
		E29405ED2A39A116001A9DE5 /* Resources */ = {
			isa = PBXResourcesBuildPhase;
			buildActionMask = 2147483647;
			files = (
				E29406062A39A477001A9DE5 /* player.json in Resources */,
				E29405FA2A39A11A001A9DE5 /* Preview Assets.xcassets in Resources */,
				E29405F72A39A11A001A9DE5 /* Assets.xcassets in Resources */,
				E29406042A39A477001A9DE5 /* brand.json in Resources */,
				E29406052A39A477001A9DE5 /* category.json in Resources */,
				E29406072A39A477001A9DE5 /* product.json in Resources */,
			);
			runOnlyForDeploymentPostprocessing = 0;
		};
/* End PBXResourcesBuildPhase section */

/* Begin PBXSourcesBuildPhase section */
		E29405EB2A39A116001A9DE5 /* Sources */ = {
			isa = PBXSourcesBuildPhase;
			buildActionMask = 2147483647;
			files = (
				E29E02392A39B7DC00B881E9 /* CodableBundleExtension.swift in Sources */,
				E2616A3D2A3ADA0D00799AE1 /* HeaderDetailView.swift in Sources */,
				E2616A3F2A3ADAD400799AE1 /* TopPartDetailView.swift in Sources */,
				E29E023D2A39B9A300B881E9 /* FeaturedTabView.swift in Sources */,
				E29405F52A39A116001A9DE5 /* ContentView.swift in Sources */,
				E29406182A39B13E001A9DE5 /* LogoView.swift in Sources */,
				E29406162A39B0C0001A9DE5 /* NavigationBarView.swift in Sources */,
				E2616A312A39EC6000799AE1 /* ProductItemView.swift in Sources */,
				E2616A472A3AE4A600799AE1 /* AddToCartDetailView.swift in Sources */,
				E2616A372A3AD47400799AE1 /* BrandGridView.swift in Sources */,
				E29E023B2A39B90200B881E9 /* FeaturedItemView.swift in Sources */,
				E2616A392A3AD84100799AE1 /* ProductDetailView.swift in Sources */,
				E2616A3B2A3AD90300799AE1 /* NavigationBarDetailView.swift in Sources */,
				E29406142A39A9FC001A9DE5 /* FooterView.swift in Sources */,
				E2C137DB2A39BFB30061F9FC /* CategoryGridView.swift in Sources */,
				E2C137D72A39BDA50061F9FC /* CategoryModel.swift in Sources */,
				E29405F32A39A116001A9DE5 /* TouchDownApp.swift in Sources */,
				E2C137DD2A39E0460061F9FC /* SectionView.swift in Sources */,
				E2616A352A3AD3E000799AE1 /* BrandItemView.swift in Sources */,
				E2C137D92A39BE730061F9FC /* CategoryItemView.swift in Sources */,
				E29406122A39A7D7001A9DE5 /* Constant.swift in Sources */,
				E2616A412A3ADED900799AE1 /* CustomShape.swift in Sources */,
				E29E02372A39B77800B881E9 /* PlayerModel.swift in Sources */,
				E2616A332A3AD36B00799AE1 /* BrandModel.swift in Sources */,
				E2616A2D2A39E69A00799AE1 /* TitleView.swift in Sources */,
				E2616A2F2A39E9EC00799AE1 /* ProductModel.swift in Sources */,
				E2616A452A3AE33F00799AE1 /* QuantityFavouriteDetailView.swift in Sources */,
				E2616A432A3AE04900799AE1 /* RatingsSizesDetailView.swift in Sources */,
			);
			runOnlyForDeploymentPostprocessing = 0;
		};
/* End PBXSourcesBuildPhase section */

/* Begin XCBuildConfiguration section */
		E29405FB2A39A11A001A9DE5 /* Debug */ = {
			isa = XCBuildConfiguration;
			buildSettings = {
				ALWAYS_SEARCH_USER_PATHS = NO;
				CLANG_ANALYZER_NONNULL = YES;
				CLANG_ANALYZER_NUMBER_OBJECT_CONVERSION = YES_AGGRESSIVE;
				CLANG_CXX_LANGUAGE_STANDARD = "gnu++20";
				CLANG_ENABLE_MODULES = YES;
				CLANG_ENABLE_OBJC_ARC = YES;
				CLANG_ENABLE_OBJC_WEAK = YES;
				CLANG_WARN_BLOCK_CAPTURE_AUTORELEASING = YES;
				CLANG_WARN_BOOL_CONVERSION = YES;
				CLANG_WARN_COMMA = YES;
				CLANG_WARN_CONSTANT_CONVERSION = YES;
				CLANG_WARN_DEPRECATED_OBJC_IMPLEMENTATIONS = YES;
				CLANG_WARN_DIRECT_OBJC_ISA_USAGE = YES_ERROR;
				CLANG_WARN_DOCUMENTATION_COMMENTS = YES;
				CLANG_WARN_EMPTY_BODY = YES;
				CLANG_WARN_ENUM_CONVERSION = YES;
				CLANG_WARN_INFINITE_RECURSION = YES;
				CLANG_WARN_INT_CONVERSION = YES;
				CLANG_WARN_NON_LITERAL_NULL_CONVERSION = YES;
				CLANG_WARN_OBJC_IMPLICIT_RETAIN_SELF = YES;
				CLANG_WARN_OBJC_LITERAL_CONVERSION = YES;
				CLANG_WARN_OBJC_ROOT_CLASS = YES_ERROR;
				CLANG_WARN_QUOTED_INCLUDE_IN_FRAMEWORK_HEADER = YES;
				CLANG_WARN_RANGE_LOOP_ANALYSIS = YES;
				CLANG_WARN_STRICT_PROTOTYPES = YES;
				CLANG_WARN_SUSPICIOUS_MOVE = YES;
				CLANG_WARN_UNGUARDED_AVAILABILITY = YES_AGGRESSIVE;
				CLANG_WARN_UNREACHABLE_CODE = YES;
				CLANG_WARN__DUPLICATE_METHOD_MATCH = YES;
				COPY_PHASE_STRIP = NO;
				DEBUG_INFORMATION_FORMAT = dwarf;
				ENABLE_STRICT_OBJC_MSGSEND = YES;
				ENABLE_TESTABILITY = YES;
				GCC_C_LANGUAGE_STANDARD = gnu11;
				GCC_DYNAMIC_NO_PIC = NO;
				GCC_NO_COMMON_BLOCKS = YES;
				GCC_OPTIMIZATION_LEVEL = 0;
				GCC_PREPROCESSOR_DEFINITIONS = (
					"DEBUG=1",
					"$(inherited)",
				);
				GCC_WARN_64_TO_32_BIT_CONVERSION = YES;
				GCC_WARN_ABOUT_RETURN_TYPE = YES_ERROR;
				GCC_WARN_UNDECLARED_SELECTOR = YES;
				GCC_WARN_UNINITIALIZED_AUTOS = YES_AGGRESSIVE;
				GCC_WARN_UNUSED_FUNCTION = YES;
				GCC_WARN_UNUSED_VARIABLE = YES;
				IPHONEOS_DEPLOYMENT_TARGET = 16.4;
				MTL_ENABLE_DEBUG_INFO = INCLUDE_SOURCE;
				MTL_FAST_MATH = YES;
				ONLY_ACTIVE_ARCH = YES;
				SDKROOT = iphoneos;
				SWIFT_ACTIVE_COMPILATION_CONDITIONS = DEBUG;
				SWIFT_OPTIMIZATION_LEVEL = "-Onone";
			};
			name = Debug;
		};
		E29405FC2A39A11A001A9DE5 /* Release */ = {
			isa = XCBuildConfiguration;
			buildSettings = {
				ALWAYS_SEARCH_USER_PATHS = NO;
				CLANG_ANALYZER_NONNULL = YES;
				CLANG_ANALYZER_NUMBER_OBJECT_CONVERSION = YES_AGGRESSIVE;
				CLANG_CXX_LANGUAGE_STANDARD = "gnu++20";
				CLANG_ENABLE_MODULES = YES;
				CLANG_ENABLE_OBJC_ARC = YES;
				CLANG_ENABLE_OBJC_WEAK = YES;
				CLANG_WARN_BLOCK_CAPTURE_AUTORELEASING = YES;
				CLANG_WARN_BOOL_CONVERSION = YES;
				CLANG_WARN_COMMA = YES;
				CLANG_WARN_CONSTANT_CONVERSION = YES;
				CLANG_WARN_DEPRECATED_OBJC_IMPLEMENTATIONS = YES;
				CLANG_WARN_DIRECT_OBJC_ISA_USAGE = YES_ERROR;
				CLANG_WARN_DOCUMENTATION_COMMENTS = YES;
				CLANG_WARN_EMPTY_BODY = YES;
				CLANG_WARN_ENUM_CONVERSION = YES;
				CLANG_WARN_INFINITE_RECURSION = YES;
				CLANG_WARN_INT_CONVERSION = YES;
				CLANG_WARN_NON_LITERAL_NULL_CONVERSION = YES;
				CLANG_WARN_OBJC_IMPLICIT_RETAIN_SELF = YES;
				CLANG_WARN_OBJC_LITERAL_CONVERSION = YES;
				CLANG_WARN_OBJC_ROOT_CLASS = YES_ERROR;
				CLANG_WARN_QUOTED_INCLUDE_IN_FRAMEWORK_HEADER = YES;
				CLANG_WARN_RANGE_LOOP_ANALYSIS = YES;
				CLANG_WARN_STRICT_PROTOTYPES = YES;
				CLANG_WARN_SUSPICIOUS_MOVE = YES;
				CLANG_WARN_UNGUARDED_AVAILABILITY = YES_AGGRESSIVE;
				CLANG_WARN_UNREACHABLE_CODE = YES;
				CLANG_WARN__DUPLICATE_METHOD_MATCH = YES;
				COPY_PHASE_STRIP = NO;
				DEBUG_INFORMATION_FORMAT = "dwarf-with-dsym";
				ENABLE_NS_ASSERTIONS = NO;
				ENABLE_STRICT_OBJC_MSGSEND = YES;
				GCC_C_LANGUAGE_STANDARD = gnu11;
				GCC_NO_COMMON_BLOCKS = YES;
				GCC_WARN_64_TO_32_BIT_CONVERSION = YES;
				GCC_WARN_ABOUT_RETURN_TYPE = YES_ERROR;
				GCC_WARN_UNDECLARED_SELECTOR = YES;
				GCC_WARN_UNINITIALIZED_AUTOS = YES_AGGRESSIVE;
				GCC_WARN_UNUSED_FUNCTION = YES;
				GCC_WARN_UNUSED_VARIABLE = YES;
				IPHONEOS_DEPLOYMENT_TARGET = 16.4;
				MTL_ENABLE_DEBUG_INFO = NO;
				MTL_FAST_MATH = YES;
				SDKROOT = iphoneos;
				SWIFT_COMPILATION_MODE = wholemodule;
				SWIFT_OPTIMIZATION_LEVEL = "-O";
				VALIDATE_PRODUCT = YES;
			};
			name = Release;
		};
		E29405FE2A39A11A001A9DE5 /* Debug */ = {
			isa = XCBuildConfiguration;
			buildSettings = {
				ASSETCATALOG_COMPILER_APPICON_NAME = AppIcon;
				ASSETCATALOG_COMPILER_GLOBAL_ACCENT_COLOR_NAME = AccentColor;
				CODE_SIGN_STYLE = Automatic;
				CURRENT_PROJECT_VERSION = 1;
				DEVELOPMENT_ASSET_PATHS = "\"TouchDown/Preview Content\"";
				DEVELOPMENT_TEAM = 2WY4RH7F35;
				ENABLE_PREVIEWS = YES;
				GENERATE_INFOPLIST_FILE = YES;
				INFOPLIST_FILE = TouchDown/Info.plist;
				INFOPLIST_KEY_UIApplicationSceneManifest_Generation = YES;
				INFOPLIST_KEY_UIApplicationSupportsIndirectInputEvents = YES;
				INFOPLIST_KEY_UILaunchScreen_Generation = YES;
				INFOPLIST_KEY_UISupportedInterfaceOrientations = UIInterfaceOrientationPortrait;
				INFOPLIST_KEY_UIUserInterfaceStyle = Light;
				IPHONEOS_DEPLOYMENT_TARGET = 15.0;
				LD_RUNPATH_SEARCH_PATHS = (
					"$(inherited)",
					"@executable_path/Frameworks",
				);
				MARKETING_VERSION = 1.0;
				PRODUCT_BUNDLE_IDENTIFIER = com.masami.TouchDown;
				PRODUCT_NAME = "$(TARGET_NAME)";
				SWIFT_EMIT_LOC_STRINGS = YES;
				SWIFT_VERSION = 5.0;
				TARGETED_DEVICE_FAMILY = "1,2";
			};
			name = Debug;
		};
		E29405FF2A39A11A001A9DE5 /* Release */ = {
			isa = XCBuildConfiguration;
			buildSettings = {
				ASSETCATALOG_COMPILER_APPICON_NAME = AppIcon;
				ASSETCATALOG_COMPILER_GLOBAL_ACCENT_COLOR_NAME = AccentColor;
				CODE_SIGN_STYLE = Automatic;
				CURRENT_PROJECT_VERSION = 1;
				DEVELOPMENT_ASSET_PATHS = "\"TouchDown/Preview Content\"";
				DEVELOPMENT_TEAM = 2WY4RH7F35;
				ENABLE_PREVIEWS = YES;
				GENERATE_INFOPLIST_FILE = YES;
				INFOPLIST_FILE = TouchDown/Info.plist;
				INFOPLIST_KEY_UIApplicationSceneManifest_Generation = YES;
				INFOPLIST_KEY_UIApplicationSupportsIndirectInputEvents = YES;
				INFOPLIST_KEY_UILaunchScreen_Generation = YES;
				INFOPLIST_KEY_UISupportedInterfaceOrientations = UIInterfaceOrientationPortrait;
				INFOPLIST_KEY_UIUserInterfaceStyle = Light;
				IPHONEOS_DEPLOYMENT_TARGET = 15.0;
				LD_RUNPATH_SEARCH_PATHS = (
					"$(inherited)",
					"@executable_path/Frameworks",
				);
				MARKETING_VERSION = 1.0;
				PRODUCT_BUNDLE_IDENTIFIER = com.masami.TouchDown;
				PRODUCT_NAME = "$(TARGET_NAME)";
				SWIFT_EMIT_LOC_STRINGS = YES;
				SWIFT_VERSION = 5.0;
				TARGETED_DEVICE_FAMILY = "1,2";
			};
			name = Release;
		};
/* End XCBuildConfiguration section */

/* Begin XCConfigurationList section */
		E29405EA2A39A116001A9DE5 /* Build configuration list for PBXProject "TouchDown" */ = {
			isa = XCConfigurationList;
			buildConfigurations = (
				E29405FB2A39A11A001A9DE5 /* Debug */,
				E29405FC2A39A11A001A9DE5 /* Release */,
			);
			defaultConfigurationIsVisible = 0;
			defaultConfigurationName = Release;
		};
		E29405FD2A39A11A001A9DE5 /* Build configuration list for PBXNativeTarget "TouchDown" */ = {
			isa = XCConfigurationList;
			buildConfigurations = (
				E29405FE2A39A11A001A9DE5 /* Debug */,
				E29405FF2A39A11A001A9DE5 /* Release */,
			);
			defaultConfigurationIsVisible = 0;
			defaultConfigurationName = Release;
		};
/* End XCConfigurationList section */
	};
	rootObject = E29405E72A39A116001A9DE5 /* Project object */;
}
